
Microsoft Visual Studio Solution File, Format Version 12.00
# Visual Studio Version 17
VisualStudioVersion = 17.9.34723.18
MinimumVisualStudioVersion = 10.0.40219.1
Project("{9A19103F-16F7-4668-BE54-9A1E7A4F7556}") = "Server", "Server\Server.csproj", "{17E9AF02-FD4E-483A-AD2B-E818BB46ED91}"
EndProject
Project("{9A19103F-16F7-4668-BE54-9A1E7A4F7556}") = "BaobabWorker", "BaobabWorker\BaobabWorker.csproj", "{F3657799-F565-4810-B491-C674339E20E1}"
EndProject
Project("{9A19103F-16F7-4668-BE54-9A1E7A4F7556}") = "BaobabUnitTest", "BaobabUnitTest\BaobabUnitTest.csproj", "{5BA194CC-00A4-46BB-82E0-D12FE794052E}"
EndProject
Project("{9A19103F-16F7-4668-BE54-9A1E7A4F7556}") = "BaobabCore", "BaobabCore\BaobabCore.csproj", "{21569F23-8CA4-49D4-A09A-D6161C37D6F0}"
EndProject
Project("{9A19103F-16F7-4668-BE54-9A1E7A4F7556}") = "BaobabNetwork", "BaobobNetwork\BaobabNetwork.csproj", "{64A545EB-4EAB-4B54-8017-FDEBDB27BBD7}"
EndProject
Project("{9A19103F-16F7-4668-BE54-9A1E7A4F7556}") = "BaobabDispatcher", "BaobobDispatcher\BaobabDispatcher.csproj", "{E964FF3E-E6A1-4704-8F17-90DA0213D4E4}"
EndProject
Project("{9A19103F-16F7-4668-BE54-9A1E7A4F7556}") = "Common", "Common\Common.csproj", "{ED4BF3CC-8196-45E9-AD7E-1B23B157E23D}"
EndProject
Project("{9A19103F-16F7-4668-BE54-9A1E7A4F7556}") = "Client", "Client\Client.csproj", "{16DD082A-4926-4357-A3DE-1462BCCC2560}"
EndProject
Project("{9A19103F-16F7-4668-BE54-9A1E7A4F7556}") = "BaobabRPC", "BaobabRPC\BaobabRPC.csproj", "{CA764AE8-7084-490A-BB70-3C9BEDD9A654}"
EndProject
Project("{9A19103F-16F7-4668-BE54-9A1E7A4F7556}") = "BaobabP2P", "BaobabP2P\BaobabP2P.csproj", "{90B8704A-0BFF-4163-8963-316F4F1FDAC4}"
EndProject
Project("{9A19103F-16F7-4668-BE54-9A1E7A4F7556}") = "BaobabQR", "BaobabQR\BaobabQR.csproj", "{9F7FFF43-A1A4-4D6A-B6C2-6F5FEC199E0E}"
EndProject
Project("{FAE04EC0-301F-11D3-BF4B-00C04F79EFBC}") = "BaobabNodeNetwork", "BaobabNodeNetwork\BaobabNodeNetwork.csproj", "{8AD71F04-0113-4EDE-BFE2-B42EB82D403E}"
EndProject
Global
	GlobalSection(SolutionConfigurationPlatforms) = preSolution
		Debug|Any CPU = Debug|Any CPU
		Release|Any CPU = Release|Any CPU
	EndGlobalSection
	GlobalSection(ProjectConfigurationPlatforms) = postSolution
		{17E9AF02-FD4E-483A-AD2B-E818BB46ED91}.Debug|Any CPU.ActiveCfg = Debug|Any CPU
		{17E9AF02-FD4E-483A-AD2B-E818BB46ED91}.Debug|Any CPU.Build.0 = Debug|Any CPU
		{17E9AF02-FD4E-483A-AD2B-E818BB46ED91}.Release|Any CPU.ActiveCfg = Release|Any CPU
		{17E9AF02-FD4E-483A-AD2B-E818BB46ED91}.Release|Any CPU.Build.0 = Release|Any CPU
		{F3657799-F565-4810-B491-C674339E20E1}.Debug|Any CPU.ActiveCfg = Debug|Any CPU
		{F3657799-F565-4810-B491-C674339E20E1}.Debug|Any CPU.Build.0 = Debug|Any CPU
		{F3657799-F565-4810-B491-C674339E20E1}.Release|Any CPU.ActiveCfg = Release|Any CPU
		{F3657799-F565-4810-B491-C674339E20E1}.Release|Any CPU.Build.0 = Release|Any CPU
		{5BA194CC-00A4-46BB-82E0-D12FE794052E}.Debug|Any CPU.ActiveCfg = Debug|Any CPU
		{5BA194CC-00A4-46BB-82E0-D12FE794052E}.Debug|Any CPU.Build.0 = Debug|Any CPU
		{5BA194CC-00A4-46BB-82E0-D12FE794052E}.Release|Any CPU.ActiveCfg = Release|Any CPU
		{5BA194CC-00A4-46BB-82E0-D12FE794052E}.Release|Any CPU.Build.0 = Release|Any CPU
		{21569F23-8CA4-49D4-A09A-D6161C37D6F0}.Debug|Any CPU.ActiveCfg = Debug|Any CPU
		{21569F23-8CA4-49D4-A09A-D6161C37D6F0}.Debug|Any CPU.Build.0 = Debug|Any CPU
		{21569F23-8CA4-49D4-A09A-D6161C37D6F0}.Release|Any CPU.ActiveCfg = Release|Any CPU
		{21569F23-8CA4-49D4-A09A-D6161C37D6F0}.Release|Any CPU.Build.0 = Release|Any CPU
		{64A545EB-4EAB-4B54-8017-FDEBDB27BBD7}.Debug|Any CPU.ActiveCfg = Debug|Any CPU
		{64A545EB-4EAB-4B54-8017-FDEBDB27BBD7}.Debug|Any CPU.Build.0 = Debug|Any CPU
		{64A545EB-4EAB-4B54-8017-FDEBDB27BBD7}.Release|Any CPU.ActiveCfg = Release|Any CPU
		{64A545EB-4EAB-4B54-8017-FDEBDB27BBD7}.Release|Any CPU.Build.0 = Release|Any CPU
		{E964FF3E-E6A1-4704-8F17-90DA0213D4E4}.Debug|Any CPU.ActiveCfg = Debug|Any CPU
		{E964FF3E-E6A1-4704-8F17-90DA0213D4E4}.Debug|Any CPU.Build.0 = Debug|Any CPU
		{E964FF3E-E6A1-4704-8F17-90DA0213D4E4}.Release|Any CPU.ActiveCfg = Release|Any CPU
		{E964FF3E-E6A1-4704-8F17-90DA0213D4E4}.Release|Any CPU.Build.0 = Release|Any CPU
		{ED4BF3CC-8196-45E9-AD7E-1B23B157E23D}.Debug|Any CPU.ActiveCfg = Debug|Any CPU
		{ED4BF3CC-8196-45E9-AD7E-1B23B157E23D}.Debug|Any CPU.Build.0 = Debug|Any CPU
		{ED4BF3CC-8196-45E9-AD7E-1B23B157E23D}.Release|Any CPU.ActiveCfg = Release|Any CPU
		{ED4BF3CC-8196-45E9-AD7E-1B23B157E23D}.Release|Any CPU.Build.0 = Release|Any CPU
		{16DD082A-4926-4357-A3DE-1462BCCC2560}.Debug|Any CPU.ActiveCfg = Debug|Any CPU
		{16DD082A-4926-4357-A3DE-1462BCCC2560}.Debug|Any CPU.Build.0 = Debug|Any CPU
		{16DD082A-4926-4357-A3DE-1462BCCC2560}.Release|Any CPU.ActiveCfg = Release|Any CPU
		{16DD082A-4926-4357-A3DE-1462BCCC2560}.Release|Any CPU.Build.0 = Release|Any CPU
		{CA764AE8-7084-490A-BB70-3C9BEDD9A654}.Debug|Any CPU.ActiveCfg = Debug|Any CPU
		{CA764AE8-7084-490A-BB70-3C9BEDD9A654}.Debug|Any CPU.Build.0 = Debug|Any CPU
		{CA764AE8-7084-490A-BB70-3C9BEDD9A654}.Release|Any CPU.ActiveCfg = Release|Any CPU
		{CA764AE8-7084-490A-BB70-3C9BEDD9A654}.Release|Any CPU.Build.0 = Release|Any CPU
		{90B8704A-0BFF-4163-8963-316F4F1FDAC4}.Debug|Any CPU.ActiveCfg = Debug|Any CPU
		{90B8704A-0BFF-4163-8963-316F4F1FDAC4}.Debug|Any CPU.Build.0 = Debug|Any CPU
		{90B8704A-0BFF-4163-8963-316F4F1FDAC4}.Release|Any CPU.ActiveCfg = Release|Any CPU
		{90B8704A-0BFF-4163-8963-316F4F1FDAC4}.Release|Any CPU.Build.0 = Release|Any CPU
		{9F7FFF43-A1A4-4D6A-B6C2-6F5FEC199E0E}.Debug|Any CPU.ActiveCfg = Debug|Any CPU
		{9F7FFF43-A1A4-4D6A-B6C2-6F5FEC199E0E}.Debug|Any CPU.Build.0 = Debug|Any CPU
		{9F7FFF43-A1A4-4D6A-B6C2-6F5FEC199E0E}.Release|Any CPU.ActiveCfg = Release|Any CPU
		{9F7FFF43-A1A4-4D6A-B6C2-6F5FEC199E0E}.Release|Any CPU.Build.0 = Release|Any CPU
		{8AD71F04-0113-4EDE-BFE2-B42EB82D403E}.Debug|Any CPU.ActiveCfg = Debug|Any CPU
		{8AD71F04-0113-4EDE-BFE2-B42EB82D403E}.Debug|Any CPU.Build.0 = Debug|Any CPU
		{8AD71F04-0113-4EDE-BFE2-B42EB82D403E}.Release|Any CPU.ActiveCfg = Release|Any CPU
		{8AD71F04-0113-4EDE-BFE2-B42EB82D403E}.Release|Any CPU.Build.0 = Release|Any CPU
	EndGlobalSection
	GlobalSection(SolutionProperties) = preSolution
		HideSolutionNode = FALSE
	EndGlobalSection
	GlobalSection(ExtensibilityGlobals) = postSolution
		SolutionGuid = {0B41654C-52DD-4798-A940-06E85E5058BB}
	EndGlobalSection
EndGlobal
